
Microsoft Visual Studio Solution File, Format Version 12.00
# Visual Studio Version 16
VisualStudioVersion = 16.0.31410.357
MinimumVisualStudioVersion = 10.0.40219.1
Project("{FAE04EC0-301F-11D3-BF4B-00C04F79EFBC}") = "HegyekMo", "HegyekMo\HegyekMo.csproj", "{4FCEF813-21F6-4AE7-893C-E50907AA19CE}"
EndProject
Global
	GlobalSection(SolutionConfigurationPlatforms) = preSolution
		Debug|Any CPU = Debug|Any CPU
		Release|Any CPU = Release|Any CPU
	EndGlobalSection
	GlobalSection(ProjectConfigurationPlatforms) = postSolution
		{4FCEF813-21F6-4AE7-893C-E50907AA19CE}.Debug|Any CPU.ActiveCfg = Debug|Any CPU
		{4FCEF813-21F6-4AE7-893C-E50907AA19CE}.Debug|Any CPU.Build.0 = Debug|Any CPU
		{4FCEF813-21F6-4AE7-893C-E50907AA19CE}.Release|Any CPU.ActiveCfg = Release|Any CPU
		{4FCEF813-21F6-4AE7-893C-E50907AA19CE}.Release|Any CPU.Build.0 = Release|Any CPU
	EndGlobalSection
	GlobalSection(SolutionProperties) = preSolution
		HideSolutionNode = FALSE
	EndGlobalSection
	GlobalSection(ExtensibilityGlobals) = postSolution
		SolutionGuid = {68E16F9F-2E13-401C-AB3A-0C537292C25C}
	EndGlobalSection
EndGlobal
